{
  "name": "src",
  "lockfileVersion": 3,
  "requires": true,
  "packages": {
    "": {
      "dependencies": {
        "acorn": "^8.8.2",
        "ast-types": "^0.14.2",
        "astring": "^1.8.6",
        "estree-walker": "^3.0.3"
      }
    },
    "node_modules/@types/estree": {
      "version": "1.0.1",
      "resolved": "https://registry.npmjs.org/@types/estree/-/estree-1.0.1.tgz",
      "integrity": "sha512-LG4opVs2ANWZ1TJoKc937iMmNstM/d0ae1vNbnBvBhqCSezgVUOzcLCqbI5elV8Vy6WKwKjaqR+zO9VKirBBCA=="
    },
    "node_modules/acorn": {
      "version": "8.8.2",
      "resolved": "https://registry.npmjs.org/acorn/-/acorn-8.8.2.tgz",
      "integrity": "sha512-xjIYgE8HBrkpd/sJqOGNspf8uHG+NOHGOw6a/Urj8taM2EXfdNAH2oFcPeIFfsv3+kz/mJrS5VuMqbNLjCa2vw==",
      "bin": {
        "acorn": "bin/acorn"
      },
      "engines": {
        "node": ">=0.4.0"
      }
    },
    "node_modules/ast-types": {
      "version": "0.14.2",
      "resolved": "https://registry.npmjs.org/ast-types/-/ast-types-0.14.2.tgz",
      "integrity": "sha512-O0yuUDnZeQDL+ncNGlJ78BiO4jnYI3bvMsD5prT0/nsgijG/LpNBIr63gTjVTNsiGkgQhiyCShTgxt8oXOrklA==",
      "dependencies": {
        "tslib": "^2.0.1"
      },
      "engines": {
        "node": ">=4"
      }
    },
    "node_modules/astring": {
      "version": "1.8.6",
      "resolved": "https://registry.npmjs.org/astring/-/astring-1.8.6.tgz",
      "integrity": "sha512-ISvCdHdlTDlH5IpxQJIex7BWBywFWgjJSVdwst+/iQCoEYnyOaQ95+X1JGshuBjGp6nxKUy1jMgE3zPqN7fQdg==",
      "bin": {
        "astring": "bin/astring"
      }
    },
    "node_modules/estree-walker": {
      "version": "3.0.3",
      "resolved": "https://registry.npmjs.org/estree-walker/-/estree-walker-3.0.3.tgz",
      "integrity": "sha512-7RUKfXgSMMkzt6ZuXmqapOurLGPPfgj6l9uRZ7lRGolvk0y2yocc35LdcxKC5PQZdn2DMqioAQ2NoWcrTKmm6g==",
      "dependencies": {
        "@types/estree": "^1.0.0"
      }
    },
    "node_modules/tslib": {
      "version": "2.5.2",
      "resolved": "https://registry.npmjs.org/tslib/-/tslib-2.5.2.tgz",
      "integrity": "sha512-5svOrSA2w3iGFDs1HibEVBGbDrAY82bFQ3HZ3ixB+88nsbsWQoKqDRb5UBYAUPEzbBn6dAp5gRNXglySbx1MlA=="
    }
  }
}
